
Microsoft Visual Studio Solution File, Format Version 12.00
# Visual Studio Version 16
VisualStudioVersion = 16.0.30225.117
MinimumVisualStudioVersion = 10.0.40219.1
Project("{9A19103F-16F7-4668-BE54-9A1E7A4F7556}") = "ArtSite.Server", "ArtSite\Server\ArtSite.Server.csproj", "{8E9F9844-21BC-4238-A0FD-F0A812BA4AEC}"
EndProject
Project("{9A19103F-16F7-4668-BE54-9A1E7A4F7556}") = "ArtSite.Client", "ArtSite\Client\ArtSite.Client.csproj", "{78C5CA03-28FA-403B-88FB-9D6DA0CCC05D}"
EndProject
Project("{9A19103F-16F7-4668-BE54-9A1E7A4F7556}") = "ArtSite.Shared", "ArtSite\Shared\ArtSite.Shared.csproj", "{901B22A2-3FE8-4D0D-81F9-A279084FFF7B}"
EndProject
Global
	GlobalSection(SolutionConfigurationPlatforms) = preSolution
		Debug|Any CPU = Debug|Any CPU
		Release|Any CPU = Release|Any CPU
	EndGlobalSection
	GlobalSection(ProjectConfigurationPlatforms) = postSolution
		{8E9F9844-21BC-4238-A0FD-F0A812BA4AEC}.Debug|Any CPU.ActiveCfg = Debug|Any CPU
		{8E9F9844-21BC-4238-A0FD-F0A812BA4AEC}.Debug|Any CPU.Build.0 = Debug|Any CPU
		{8E9F9844-21BC-4238-A0FD-F0A812BA4AEC}.Release|Any CPU.ActiveCfg = Release|Any CPU
		{8E9F9844-21BC-4238-A0FD-F0A812BA4AEC}.Release|Any CPU.Build.0 = Release|Any CPU
		{78C5CA03-28FA-403B-88FB-9D6DA0CCC05D}.Debug|Any CPU.ActiveCfg = Debug|Any CPU
		{78C5CA03-28FA-403B-88FB-9D6DA0CCC05D}.Debug|Any CPU.Build.0 = Debug|Any CPU
		{78C5CA03-28FA-403B-88FB-9D6DA0CCC05D}.Release|Any CPU.ActiveCfg = Release|Any CPU
		{78C5CA03-28FA-403B-88FB-9D6DA0CCC05D}.Release|Any CPU.Build.0 = Release|Any CPU
		{901B22A2-3FE8-4D0D-81F9-A279084FFF7B}.Debug|Any CPU.ActiveCfg = Debug|Any CPU
		{901B22A2-3FE8-4D0D-81F9-A279084FFF7B}.Debug|Any CPU.Build.0 = Debug|Any CPU
		{901B22A2-3FE8-4D0D-81F9-A279084FFF7B}.Release|Any CPU.ActiveCfg = Release|Any CPU
		{901B22A2-3FE8-4D0D-81F9-A279084FFF7B}.Release|Any CPU.Build.0 = Release|Any CPU
	EndGlobalSection
	GlobalSection(SolutionProperties) = preSolution
		HideSolutionNode = FALSE
	EndGlobalSection
	GlobalSection(ExtensibilityGlobals) = postSolution
		SolutionGuid = {6FDE3FB8-F348-484E-A972-22F187A2E924}
	EndGlobalSection
EndGlobal
